
Microsoft Visual Studio Solution File, Format Version 12.00
# Visual Studio Version 16
VisualStudioVersion = 16.0.29209.62
MinimumVisualStudioVersion = 10.0.40219.1
Project("{9A19103F-16F7-4668-BE54-9A1E7A4F7556}") = "DiscordBot", "DiscordBot\DiscordBot.csproj", "{F669A8A0-D524-4649-A629-B850FA75B4A4}"
EndProject
Global
	GlobalSection(SolutionConfigurationPlatforms) = preSolution
		Debug|Any CPU = Debug|Any CPU
		Release|Any CPU = Release|Any CPU
	EndGlobalSection
	GlobalSection(ProjectConfigurationPlatforms) = postSolution
		{F669A8A0-D524-4649-A629-B850FA75B4A4}.Debug|Any CPU.ActiveCfg = Debug|Any CPU
		{F669A8A0-D524-4649-A629-B850FA75B4A4}.Debug|Any CPU.Build.0 = Debug|Any CPU
		{F669A8A0-D524-4649-A629-B850FA75B4A4}.Release|Any CPU.ActiveCfg = Release|Any CPU
		{F669A8A0-D524-4649-A629-B850FA75B4A4}.Release|Any CPU.Build.0 = Release|Any CPU
	EndGlobalSection
	GlobalSection(SolutionProperties) = preSolution
		HideSolutionNode = FALSE
	EndGlobalSection
	GlobalSection(ExtensibilityGlobals) = postSolution
		SolutionGuid = {0877E922-1EA2-4BF1-B26B-B914077F6D79}
	EndGlobalSection
EndGlobal
